
Microsoft Visual Studio Solution File, Format Version 12.00
# Visual Studio Version 16
VisualStudioVersion = 16.0.31624.102
MinimumVisualStudioVersion = 10.0.40219.1
Project("{FAE04EC0-301F-11D3-BF4B-00C04F79EFBC}") = "AspMvcApp", "AspMvcApp.csproj", "{822402DB-7CF3-4BDC-93DB-6DDC87B188A8}"
EndProject
Global
	GlobalSection(SolutionConfigurationPlatforms) = preSolution
		Debug|Any CPU = Debug|Any CPU
		Release|Any CPU = Release|Any CPU
	EndGlobalSection
	GlobalSection(ProjectConfigurationPlatforms) = postSolution
		{822402DB-7CF3-4BDC-93DB-6DDC87B188A8}.Debug|Any CPU.ActiveCfg = Debug|Any CPU
		{822402DB-7CF3-4BDC-93DB-6DDC87B188A8}.Debug|Any CPU.Build.0 = Debug|Any CPU
		{822402DB-7CF3-4BDC-93DB-6DDC87B188A8}.Release|Any CPU.ActiveCfg = Release|Any CPU
		{822402DB-7CF3-4BDC-93DB-6DDC87B188A8}.Release|Any CPU.Build.0 = Release|Any CPU
	EndGlobalSection
	GlobalSection(SolutionProperties) = preSolution
		HideSolutionNode = FALSE
	EndGlobalSection
	GlobalSection(ExtensibilityGlobals) = postSolution
		SolutionGuid = {5EE94C8C-E401-48BC-86B3-AE9186F57A1E}
	EndGlobalSection
EndGlobal
